Microsoft Visual Studio Solution File, Format Version 12.00
# Visual Studio Version 17
VisualStudioVersion = 17.0.31903.59
MinimumVisualStudioVersion = 10.0.40219.1
Project("{FAE04EC0-301F-11D3-BF4B-00C04F79EFBC}") = "Crawlee.NET", "src\Crawlee.NET\Crawlee.NET.csproj", "{A1B2C3D4-E5F6-7890-ABCD-EF1234567890}"
EndProject
Project("{FAE04EC0-301F-11D3-BF4B-00C04F79EFBC}") = "BasicHttpCrawler", "examples\BasicHttpCrawler\BasicHttpCrawler.csproj", "{BA0B479A-D5C5-4697-82AE-8FE00E1F69D9}"
EndProject
Project("{FAE04EC0-301F-11D3-BF4B-00C04F79EFBC}") = "BasicBrowserCrawler", "examples\BasicBrowserCrawler\BasicBrowserCrawler.csproj", "{63A686D8-8822-4EB7-A1CE-9E564A8BD967}"
EndProject
Project("{FAE04EC0-301F-11D3-BF4B-00C04F79EFBC}") = "Crawlee.NET.Tests", "tests\Crawlee.NET.Tests\Crawlee.NET.Tests.csproj", "{18955BEE-8FBF-4B24-86E2-00EBF7D9BCA5}"
EndProject
Project("{FAE04EC0-301F-11D3-BF4B-00C04F79EFBC}") = "AdvancedHttpCrawler", "examples\AdvancedHttpCrawler\AdvancedHttpCrawler.csproj", "{F1E2D3C4-B5A6-7890-CDEF-123456789ABC}"
EndProject
Global
	GlobalSection(SolutionConfigurationPlatforms) = preSolution
		Debug|Any CPU = Debug|Any CPU
		Release|Any CPU = Release|Any CPU
	EndGlobalSection
	GlobalSection(ProjectConfigurationPlatforms) = postSolution
		{A1B2C3D4-E5F6-7890-ABCD-EF1234567890}.Debug|Any CPU.ActiveCfg = Debug|Any CPU
		{A1B2C3D4-E5F6-7890-ABCD-EF1234567890}.Debug|Any CPU.Build.0 = Debug|Any CPU
		{A1B2C3D4-E5F6-7890-ABCD-EF1234567890}.Release|Any CPU.ActiveCfg = Release|Any CPU
		{A1B2C3D4-E5F6-7890-ABCD-EF1234567890}.Release|Any CPU.Build.0 = Release|Any CPU
		{BA0B479A-D5C5-4697-82AE-8FE00E1F69D9}.Debug|Any CPU.ActiveCfg = Debug|Any CPU
		{BA0B479A-D5C5-4697-82AE-8FE00E1F69D9}.Debug|Any CPU.Build.0 = Debug|Any CPU
		{BA0B479A-D5C5-4697-82AE-8FE00E1F69D9}.Release|Any CPU.ActiveCfg = Release|Any CPU
		{BA0B479A-D5C5-4697-82AE-8FE00E1F69D9}.Release|Any CPU.Build.0 = Release|Any CPU
		{63A686D8-8822-4EB7-A1CE-9E564A8BD967}.Debug|Any CPU.ActiveCfg = Debug|Any CPU
		{63A686D8-8822-4EB7-A1CE-9E564A8BD967}.Debug|Any CPU.Build.0 = Debug|Any CPU
		{63A686D8-8822-4EB7-A1CE-9E564A8BD967}.Release|Any CPU.ActiveCfg = Release|Any CPU
		{63A686D8-8822-4EB7-A1CE-9E564A8BD967}.Release|Any CPU.Build.0 = Release|Any CPU
		{18955BEE-8FBF-4B24-86E2-00EBF7D9BCA5}.Debug|Any CPU.ActiveCfg = Debug|Any CPU
		{18955BEE-8FBF-4B24-86E2-00EBF7D9BCA5}.Debug|Any CPU.Build.0 = Debug|Any CPU
		{18955BEE-8FBF-4B24-86E2-00EBF7D9BCA5}.Release|Any CPU.ActiveCfg = Release|Any CPU
		{18955BEE-8FBF-4B24-86E2-00EBF7D9BCA5}.Release|Any CPU.Build.0 = Release|Any CPU
		{F1E2D3C4-B5A6-7890-CDEF-123456789ABC}.Debug|Any CPU.ActiveCfg = Debug|Any CPU
		{F1E2D3C4-B5A6-7890-CDEF-123456789ABC}.Debug|Any CPU.Build.0 = Debug|Any CPU
		{F1E2D3C4-B5A6-7890-CDEF-123456789ABC}.Release|Any CPU.ActiveCfg = Release|Any CPU
		{F1E2D3C4-B5A6-7890-CDEF-123456789ABC}.Release|Any CPU.Build.0 = Release|Any CPU
	EndGlobalSection
	GlobalSection(SolutionProperties) = preSolution
		HideSolutionNode = FALSE
	EndGlobalSection
EndGlobal
